{
  "version": 4,
  "terraform_version": "0.14.6",
  "serial": 413,
  "lineage": "d0baabf2-fb40-1291-2298-500514962f7b",
  "outputs": {},
  "resources": [
    {
      "mode": "managed",
      "type": "tfe_variable",
      "name": "tfvars_nonsensitive",
      "provider": "provider[\"registry.terraform.io/hashicorp/tfe\"]",
      "instances": [
        {
          "index_key": 0,
          "schema_version": 1,
          "attributes": {
            "category": "terraform",
            "description": "",
            "hcl": false,
            "id": "var-K9pZUTRs9JJTRnrD",
            "key": "aws_region",
            "sensitive": false,
            "value": "us-east-2",
            "workspace_id": "ws-xfshTKrbM8aGT1Pa"
          },
          "sensitive_attributes": [],
          "private": "eyJzY2hlbWFfdmVyc2lvbiI6IjEifQ==",
          "dependencies": [
            "tfe_workspace.main"
          ]
        },
        {
          "index_key": 1,
          "schema_version": 1,
          "attributes": {
            "category": "terraform",
            "description": "",
            "hcl": false,
            "id": "var-KUSvCVQen17ZtzgZ",
            "key": "hc_region",
            "sensitive": false,
            "value": "northeast",
            "workspace_id": "ws-xfshTKrbM8aGT1Pa"
          },
          "sensitive_attributes": [],
          "private": "eyJzY2hlbWFfdmVyc2lvbiI6IjEifQ==",
          "dependencies": [
            "tfe_workspace.main"
          ]
        },
        {
          "index_key": 2,
          "schema_version": 1,
          "attributes": {
            "category": "terraform",
            "description": "",
            "hcl": false,
            "id": "var-bXZSentzmUw4u89K",
            "key": "instance_type",
            "sensitive": false,
            "value": "t3.medium",
            "workspace_id": "ws-xfshTKrbM8aGT1Pa"
          },
          "sensitive_attributes": [],
          "private": "eyJzY2hlbWFfdmVyc2lvbiI6IjEifQ==",
          "dependencies": [
            "tfe_workspace.main"
          ]
        },
        {
          "index_key": 3,
          "schema_version": 1,
          "attributes": {
            "category": "terraform",
            "description": "",
            "hcl": false,
            "id": "var-xV6dRt55pQ8YZjF3",
            "key": "key_pair",
            "sensitive": false,
            "value": "jmccoy-sedemos",
            "workspace_id": "ws-xfshTKrbM8aGT1Pa"
          },
          "sensitive_attributes": [],
          "private": "eyJzY2hlbWFfdmVyc2lvbiI6IjEifQ==",
          "dependencies": [
            "tfe_workspace.main"
          ]
        },
        {
          "index_key": 4,
          "schema_version": 1,
          "attributes": {
            "category": "terraform",
            "description": "",
            "hcl": false,
            "id": "var-wj6CzVyoUXMwpykw",
            "key": "owner",
            "sensitive": false,
            "value": "jmccoy-test",
            "workspace_id": "ws-xfshTKrbM8aGT1Pa"
          },
          "sensitive_attributes": [],
          "private": "eyJzY2hlbWFfdmVyc2lvbiI6IjEifQ==",
          "dependencies": [
            "tfe_workspace.main"
          ]
        },
        {
          "index_key": 5,
          "schema_version": 1,
          "attributes": {
            "category": "terraform",
            "description": "",
            "hcl": false,
            "id": "var-ZVQjzmZeQx6TAgST",
            "key": "prefix",
            "sensitive": false,
            "value": "jmccoy-test",
            "workspace_id": "ws-xfshTKrbM8aGT1Pa"
          },
          "sensitive_attributes": [],
          "private": "eyJzY2hlbWFfdmVyc2lvbiI6IjEifQ==",
          "dependencies": [
            "tfe_workspace.main"
          ]
        },
        {
          "index_key": 6,
          "schema_version": 1,
          "attributes": {
            "category": "terraform",
            "description": "",
            "hcl": false,
            "id": "var-TpJcEsCvYePCJpcN",
            "key": "purpose",
            "sensitive": false,
            "value": "special",
            "workspace_id": "ws-xfshTKrbM8aGT1Pa"
          },
          "sensitive_attributes": [],
          "private": "eyJzY2hlbWFfdmVyc2lvbiI6IjEifQ==",
          "dependencies": [
            "tfe_workspace.main"
          ]
        },
        {
          "index_key": 7,
          "schema_version": 1,
          "attributes": {
            "category": "terraform",
            "description": "",
            "hcl": false,
            "id": "var-iiwSQKiamXyG3Veo",
            "key": "ttl",
            "sensitive": false,
            "value": "6000",
            "workspace_id": "ws-xfshTKrbM8aGT1Pa"
          },
          "sensitive_attributes": [],
          "private": "eyJzY2hlbWFfdmVyc2lvbiI6IjEifQ==",
          "dependencies": [
            "tfe_workspace.main"
          ]
        }
      ]
    },
    {
      "mode": "managed",
      "type": "tfe_variable",
      "name": "tfvars_sensitive",
      "provider": "provider[\"registry.terraform.io/hashicorp/tfe\"]",
      "instances": [
        {
          "index_key": 0,
          "schema_version": 1,
          "attributes": {
            "category": "terraform",
            "description": "",
            "hcl": false,
            "id": "var-TQ2NvWbBMbptWjWS",
            "key": "aws_access_key",
            "sensitive": true,
            "value": "ASIA2LEU5EPENK5LUJU5",
            "workspace_id": "ws-xfshTKrbM8aGT1Pa"
          },
          "sensitive_attributes": [],
          "private": "eyJzY2hlbWFfdmVyc2lvbiI6IjEifQ==",
          "dependencies": [
            "tfe_workspace.main"
          ]
        },
        {
          "index_key": 1,
          "schema_version": 1,
          "attributes": {
            "category": "terraform",
            "description": "",
            "hcl": false,
            "id": "var-tqkai9xPNhqLyg1V",
            "key": "aws_secret_key",
            "sensitive": true,
            "value": "WMXbcX8POmqdGZLE0j/dIzzor/LRJaQSf3Q0jiJB",
            "workspace_id": "ws-xfshTKrbM8aGT1Pa"
          },
          "sensitive_attributes": [],
          "private": "eyJzY2hlbWFfdmVyc2lvbiI6IjEifQ==",
          "dependencies": [
            "tfe_workspace.main"
          ]
        },
        {
          "index_key": 2,
          "schema_version": 1,
          "attributes": {
            "category": "terraform",
            "description": "",
            "hcl": false,
            "id": "var-7eMoxSs4mUBznoJL",
            "key": "aws_session_token",
            "sensitive": true,
            "value": "IQoJb3JpZ2luX2VjEIT//////////wEaCXVzLWVhc3QtMSJHMEUCIBvP1yV3IDMBkBn0Zyp+W/Fsqz4zHFrZb7PCUVwna0viAiEAgn1T8SMC/uRkgGf6f7Ua3izkzdEuNo3oFr2g+qJNOCgqxwIIfRABGgw3MTExMjkzNzU2ODgiDP3oBKm7jhicnRnobiqkApfVipcm+xQ/Q2jzELm98uUkMhqkLDJnJjpXTaADc/1inRWlu/0nsacMOH6y+95XJYDIr0B3+00mX2WiFS2tkVjycxfcJMz2d8eJrJAWAnJLR0ILcnN0ohJiHchztIkIpTYpflLu47ShGrJQ4pY2wlSpJS+sWKB5asftGwp1t66zFSzDhlioIy3g+d+n1hNSJFfjpQBB3QaiajxQJERGs7L4Ir2Z3rnw1n4FuVCuJnBuYGxeswfetm59TnFH6icd5hmbfuqhcSzw92GHHY3e4qJ8YJtTvKZCI8Kj6Qlljk59GVH4eW4wFac6tJKtGiamD33yvaPpCorRnmFSjvaW8jY5E/HWLGqiCenoRd8KfYaP/g3cTElmnlkYLeMEy9CkrBsBccwwzaKGgQY6nQEucwn2qXvEnNbYI8sqXo3VU1ZyTdnUJo4igmIaCptNr7wrOxYQpVJnWYwQ74qCJ1O3bAy6qnbuBNFCZG6onbdqDnVgtQoXTt2RNVPSg28RmkclRMcFt0cbTkmCwPAKegu+2QJ7wA+JhwrjJaHiaKiLUsbNbj+rs2d2Rp0ha3cp+84JDdq5WIpB4M/CqR26ROvmNyZaO//SbU5d0imf",
            "workspace_id": "ws-xfshTKrbM8aGT1Pa"
          },
          "sensitive_attributes": [],
          "private": "eyJzY2hlbWFfdmVyc2lvbiI6IjEifQ==",
          "dependencies": [
            "tfe_workspace.main"
          ]
        }
      ]
    },
    {
      "mode": "managed",
      "type": "tfe_workspace",
      "name": "main",
      "provider": "provider[\"registry.terraform.io/hashicorp/tfe\"]",
      "instances": [
        {
          "schema_version": 1,
          "attributes": {
            "auto_apply": false,
            "external_id": "ws-xfshTKrbM8aGT1Pa",
            "file_triggers_enabled": true,
            "id": "ws-xfshTKrbM8aGT1Pa",
            "name": "workspace_creation_test",
            "operations": true,
            "organization": "devworks",
            "queue_all_runs": false,
            "ssh_key_id": "",
            "terraform_version": "0.12.3",
            "trigger_prefixes": null,
            "vcs_repo": [
              {
                "branch": "",
                "identifier": "jmccoydev/terraform-simple-instance",
                "ingress_submodules": false,
                "oauth_token_id": "ot-LjuUAApfA3UBu5hH"
              }
            ],
            "working_directory": ""
          },
          "sensitive_attributes": [],
          "private": "eyJzY2hlbWFfdmVyc2lvbiI6IjEifQ=="
        }
      ]
    }
  ]
}
